// !$*UTF8*$!
{
	archiveVersion = 1;
	classes = {
	};
	objectVersion = 55;
	objects = {

/* Begin PBXBuildFile section */
		D39BC4E72931257D0052A62E /* _mo_intento_de_hacer_el_examenApp.swift in Sources */ = {isa = PBXBuildFile; fileRef = D39BC4E62931257D0052A62E /* _mo_intento_de_hacer_el_examenApp.swift */; };
		D39BC4E92931257D0052A62E /* ContentView.swift in Sources */ = {isa = PBXBuildFile; fileRef = D39BC4E82931257D0052A62E /* ContentView.swift */; };
		D39BC4EB2931257E0052A62E /* Assets.xcassets in Resources */ = {isa = PBXBuildFile; fileRef = D39BC4EA2931257E0052A62E /* Assets.xcassets */; };
		D39BC4EE2931257E0052A62E /* Preview Assets.xcassets in Resources */ = {isa = PBXBuildFile; fileRef = D39BC4ED2931257E0052A62E /* Preview Assets.xcassets */; };
		D39BC4F5293127300052A62E /* Formulario.swift in Sources */ = {isa = PBXBuildFile; fileRef = D39BC4F4293127300052A62E /* Formulario.swift */; };
		D39BC4F82931274B0052A62E /* Persistence.xcdatamodeld in Sources */ = {isa = PBXBuildFile; fileRef = D39BC4F62931274B0052A62E /* Persistence.xcdatamodeld */; };
		D39BC4FA293127CD0052A62E /* Persistence.swift in Sources */ = {isa = PBXBuildFile; fileRef = D39BC4F9293127CD0052A62E /* Persistence.swift */; };
		D39BC4FC29313CD50052A62E /* Actualizar.swift in Sources */ = {isa = PBXBuildFile; fileRef = D39BC4FB29313CD50052A62E /* Actualizar.swift */; };
/* End PBXBuildFile section */

/* Begin PBXFileReference section */
		D39BC4E32931257D0052A62E /* 7mo intento de hacer el examen.app */ = {isa = PBXFileReference; explicitFileType = wrapper.application; includeInIndex = 0; path = "7mo intento de hacer el examen.app"; sourceTree = BUILT_PRODUCTS_DIR; };
		D39BC4E62931257D0052A62E /* _mo_intento_de_hacer_el_examenApp.swift */ = {isa = PBXFileReference; lastKnownFileType = sourcecode.swift; path = _mo_intento_de_hacer_el_examenApp.swift; sourceTree = "<group>"; };
		D39BC4E82931257D0052A62E /* ContentView.swift */ = {isa = PBXFileReference; lastKnownFileType = sourcecode.swift; path = ContentView.swift; sourceTree = "<group>"; };
		D39BC4EA2931257E0052A62E /* Assets.xcassets */ = {isa = PBXFileReference; lastKnownFileType = folder.assetcatalog; path = Assets.xcassets; sourceTree = "<group>"; };
		D39BC4ED2931257E0052A62E /* Preview Assets.xcassets */ = {isa = PBXFileReference; lastKnownFileType = folder.assetcatalog; path = "Preview Assets.xcassets"; sourceTree = "<group>"; };
		D39BC4F4293127300052A62E /* Formulario.swift */ = {isa = PBXFileReference; lastKnownFileType = sourcecode.swift; path = Formulario.swift; sourceTree = "<group>"; };
		D39BC4F72931274B0052A62E /* Persistence.xcdatamodel */ = {isa = PBXFileReference; lastKnownFileType = wrapper.xcdatamodel; path = Persistence.xcdatamodel; sourceTree = "<group>"; };
		D39BC4F9293127CD0052A62E /* Persistence.swift */ = {isa = PBXFileReference; lastKnownFileType = sourcecode.swift; path = Persistence.swift; sourceTree = "<group>"; };
		D39BC4FB29313CD50052A62E /* Actualizar.swift */ = {isa = PBXFileReference; lastKnownFileType = sourcecode.swift; path = Actualizar.swift; sourceTree = "<group>"; };
/* End PBXFileReference section */

/* Begin PBXFrameworksBuildPhase section */
		D39BC4E02931257D0052A62E /* Frameworks */ = {
			isa = PBXFrameworksBuildPhase;
			buildActionMask = 2147483647;
			files = (
			);
			runOnlyForDeploymentPostprocessing = 0;
		};
/* End PBXFrameworksBuildPhase section */

/* Begin PBXGroup section */
		D39BC4DA2931257D0052A62E = {
			isa = PBXGroup;
			children = (
				D39BC4E52931257D0052A62E /* 7mo intento de hacer el examen */,
				D39BC4E42931257D0052A62E /* Products */,
			);
			sourceTree = "<group>";
		};
		D39BC4E42931257D0052A62E /* Products */ = {
			isa = PBXGroup;
			children = (
				D39BC4E32931257D0052A62E /* 7mo intento de hacer el examen.app */,
			);
			name = Products;
			sourceTree = "<group>";
		};
		D39BC4E52931257D0052A62E /* 7mo intento de hacer el examen */ = {
			isa = PBXGroup;
			children = (
				D39BC4E62931257D0052A62E /* _mo_intento_de_hacer_el_examenApp.swift */,
				D39BC4E82931257D0052A62E /* ContentView.swift */,
				D39BC4F4293127300052A62E /* Formulario.swift */,
				D39BC4FB29313CD50052A62E /* Actualizar.swift */,
				D39BC4F62931274B0052A62E /* Persistence.xcdatamodeld */,
				D39BC4F9293127CD0052A62E /* Persistence.swift */,
				D39BC4EA2931257E0052A62E /* Assets.xcassets */,
				D39BC4EC2931257E0052A62E /* Preview Content */,
			);
			path = "7mo intento de hacer el examen";
			sourceTree = "<group>";
		};
		D39BC4EC2931257E0052A62E /* Preview Content */ = {
			isa = PBXGroup;
			children = (
				D39BC4ED2931257E0052A62E /* Preview Assets.xcassets */,
			);
			path = "Preview Content";
			sourceTree = "<group>";
		};
/* End PBXGroup section */

/* Begin PBXNativeTarget section */
		D39BC4E22931257D0052A62E /* 7mo intento de hacer el examen */ = {
			isa = PBXNativeTarget;
			buildConfigurationList = D39BC4F12931257E0052A62E /* Build configuration list for PBXNativeTarget "7mo intento de hacer el examen" */;
			buildPhases = (
				D39BC4DF2931257D0052A62E /* Sources */,
				D39BC4E02931257D0052A62E /* Frameworks */,
				D39BC4E12931257D0052A62E /* Resources */,
			);
			buildRules = (
			);
			dependencies = (
			);
			name = "7mo intento de hacer el examen";
			productName = "7mo intento de hacer el examen";
			productReference = D39BC4E32931257D0052A62E /* 7mo intento de hacer el examen.app */;
			productType = "com.apple.product-type.application";
		};
/* End PBXNativeTarget section */

/* Begin PBXProject section */
		D39BC4DB2931257D0052A62E /* Project object */ = {
			isa = PBXProject;
			attributes = {
				BuildIndependentTargetsInParallel = 1;
				LastSwiftUpdateCheck = 1310;
				LastUpgradeCheck = 1310;
				TargetAttributes = {
					D39BC4E22931257D0052A62E = {
						CreatedOnToolsVersion = 13.1;
					};
				};
			};
			buildConfigurationList = D39BC4DE2931257D0052A62E /* Build configuration list for PBXProject "7mo intento de hacer el examen" */;
			compatibilityVersion = "Xcode 13.0";
			developmentRegion = en;
			hasScannedForEncodings = 0;
			knownRegions = (
				en,
				Base,
			);
			mainGroup = D39BC4DA2931257D0052A62E;
			productRefGroup = D39BC4E42931257D0052A62E /* Products */;
			projectDirPath = "";
			projectRoot = "";
			targets = (
				D39BC4E22931257D0052A62E /* 7mo intento de hacer el examen */,
			);
		};
/* End PBXProject section */

/* Begin PBXResourcesBuildPhase section */
		D39BC4E12931257D0052A62E /* Resources */ = {
			isa = PBXResourcesBuildPhase;
			buildActionMask = 2147483647;
			files = (
				D39BC4EE2931257E0052A62E /* Preview Assets.xcassets in Resources */,
				D39BC4EB2931257E0052A62E /* Assets.xcassets in Resources */,
			);
			runOnlyForDeploymentPostprocessing = 0;
		};
/* End PBXResourcesBuildPhase section */

/* Begin PBXSourcesBuildPhase section */
		D39BC4DF2931257D0052A62E /* Sources */ = {
			isa = PBXSourcesBuildPhase;
			buildActionMask = 2147483647;
			files = (
				D39BC4F5293127300052A62E /* Formulario.swift in Sources */,
				D39BC4F82931274B0052A62E /* Persistence.xcdatamodeld in Sources */,
				D39BC4E92931257D0052A62E /* ContentView.swift in Sources */,
				D39BC4FC29313CD50052A62E /* Actualizar.swift in Sources */,
				D39BC4E72931257D0052A62E /* _mo_intento_de_hacer_el_examenApp.swift in Sources */,
				D39BC4FA293127CD0052A62E /* Persistence.swift in Sources */,
			);
			runOnlyForDeploymentPostprocessing = 0;
		};
/* End PBXSourcesBuildPhase section */

/* Begin XCBuildConfiguration section */
		D39BC4EF2931257E0052A62E /* Debug */ = {
			isa = XCBuildConfiguration;
			buildSettings = {
				ALWAYS_SEARCH_USER_PATHS = NO;
				CLANG_ANALYZER_NONNULL = YES;
				CLANG_ANALYZER_NUMBER_OBJECT_CONVERSION = YES_AGGRESSIVE;
				CLANG_CXX_LANGUAGE_STANDARD = "gnu++17";
				CLANG_CXX_LIBRARY = "libc++";
				CLANG_ENABLE_MODULES = YES;
				CLANG_ENABLE_OBJC_ARC = YES;
				CLANG_ENABLE_OBJC_WEAK = YES;
				CLANG_WARN_BLOCK_CAPTURE_AUTORELEASING = YES;
				CLANG_WARN_BOOL_CONVERSION = YES;
				CLANG_WARN_COMMA = YES;
				CLANG_WARN_CONSTANT_CONVERSION = YES;
				CLANG_WARN_DEPRECATED_OBJC_IMPLEMENTATIONS = YES;
				CLANG_WARN_DIRECT_OBJC_ISA_USAGE = YES_ERROR;
				CLANG_WARN_DOCUMENTATION_COMMENTS = YES;
				CLANG_WARN_EMPTY_BODY = YES;
				CLANG_WARN_ENUM_CONVERSION = YES;
				CLANG_WARN_INFINITE_RECURSION = YES;
				CLANG_WARN_INT_CONVERSION = YES;
				CLANG_WARN_NON_LITERAL_NULL_CONVERSION = YES;
				CLANG_WARN_OBJC_IMPLICIT_RETAIN_SELF = YES;
				CLANG_WARN_OBJC_LITERAL_CONVERSION = YES;
				CLANG_WARN_OBJC_ROOT_CLASS = YES_ERROR;
				CLANG_WARN_QUOTED_INCLUDE_IN_FRAMEWORK_HEADER = YES;
				CLANG_WARN_RANGE_LOOP_ANALYSIS = YES;
				CLANG_WARN_STRICT_PROTOTYPES = YES;
				CLANG_WARN_SUSPICIOUS_MOVE = YES;
				CLANG_WARN_UNGUARDED_AVAILABILITY = YES_AGGRESSIVE;
				CLANG_WARN_UNREACHABLE_CODE = YES;
				CLANG_WARN__DUPLICATE_METHOD_MATCH = YES;
				COPY_PHASE_STRIP = NO;
				DEBUG_INFORMATION_FORMAT = dwarf;
				ENABLE_STRICT_OBJC_MSGSEND = YES;
				ENABLE_TESTABILITY = YES;
				GCC_C_LANGUAGE_STANDARD = gnu11;
				GCC_DYNAMIC_NO_PIC = NO;
				GCC_NO_COMMON_BLOCKS = YES;
				GCC_OPTIMIZATION_LEVEL = 0;
				GCC_PREPROCESSOR_DEFINITIONS = (
					"DEBUG=1",
					"$(inherited)",
				);
				GCC_WARN_64_TO_32_BIT_CONVERSION = YES;
				GCC_WARN_ABOUT_RETURN_TYPE = YES_ERROR;
				GCC_WARN_UNDECLARED_SELECTOR = YES;
				GCC_WARN_UNINITIALIZED_AUTOS = YES_AGGRESSIVE;
				GCC_WARN_UNUSED_FUNCTION = YES;
				GCC_WARN_UNUSED_VARIABLE = YES;
				IPHONEOS_DEPLOYMENT_TARGET = 15.0;
				MTL_ENABLE_DEBUG_INFO = INCLUDE_SOURCE;
				MTL_FAST_MATH = YES;
				ONLY_ACTIVE_ARCH = YES;
				SDKROOT = iphoneos;
				SWIFT_ACTIVE_COMPILATION_CONDITIONS = DEBUG;
				SWIFT_OPTIMIZATION_LEVEL = "-Onone";
			};
			name = Debug;
		};
		D39BC4F02931257E0052A62E /* Release */ = {
			isa = XCBuildConfiguration;
			buildSettings = {
				ALWAYS_SEARCH_USER_PATHS = NO;
				CLANG_ANALYZER_NONNULL = YES;
				CLANG_ANALYZER_NUMBER_OBJECT_CONVERSION = YES_AGGRESSIVE;
				CLANG_CXX_LANGUAGE_STANDARD = "gnu++17";
				CLANG_CXX_LIBRARY = "libc++";
				CLANG_ENABLE_MODULES = YES;
				CLANG_ENABLE_OBJC_ARC = YES;
				CLANG_ENABLE_OBJC_WEAK = YES;
				CLANG_WARN_BLOCK_CAPTURE_AUTORELEASING = YES;
				CLANG_WARN_BOOL_CONVERSION = YES;
				CLANG_WARN_COMMA = YES;
				CLANG_WARN_CONSTANT_CONVERSION = YES;
				CLANG_WARN_DEPRECATED_OBJC_IMPLEMENTATIONS = YES;
				CLANG_WARN_DIRECT_OBJC_ISA_USAGE = YES_ERROR;
				CLANG_WARN_DOCUMENTATION_COMMENTS = YES;
				CLANG_WARN_EMPTY_BODY = YES;
				CLANG_WARN_ENUM_CONVERSION = YES;
				CLANG_WARN_INFINITE_RECURSION = YES;
				CLANG_WARN_INT_CONVERSION = YES;
				CLANG_WARN_NON_LITERAL_NULL_CONVERSION = YES;
				CLANG_WARN_OBJC_IMPLICIT_RETAIN_SELF = YES;
				CLANG_WARN_OBJC_LITERAL_CONVERSION = YES;
				CLANG_WARN_OBJC_ROOT_CLASS = YES_ERROR;
				CLANG_WARN_QUOTED_INCLUDE_IN_FRAMEWORK_HEADER = YES;
				CLANG_WARN_RANGE_LOOP_ANALYSIS = YES;
				CLANG_WARN_STRICT_PROTOTYPES = YES;
				CLANG_WARN_SUSPICIOUS_MOVE = YES;
				CLANG_WARN_UNGUARDED_AVAILABILITY = YES_AGGRESSIVE;
				CLANG_WARN_UNREACHABLE_CODE = YES;
				CLANG_WARN__DUPLICATE_METHOD_MATCH = YES;
				COPY_PHASE_STRIP = NO;
				DEBUG_INFORMATION_FORMAT = "dwarf-with-dsym";
				ENABLE_NS_ASSERTIONS = NO;
				ENABLE_STRICT_OBJC_MSGSEND = YES;
				GCC_C_LANGUAGE_STANDARD = gnu11;
				GCC_NO_COMMON_BLOCKS = YES;
				GCC_WARN_64_TO_32_BIT_CONVERSION = YES;
				GCC_WARN_ABOUT_RETURN_TYPE = YES_ERROR;
				GCC_WARN_UNDECLARED_SELECTOR = YES;
				GCC_WARN_UNINITIALIZED_AUTOS = YES_AGGRESSIVE;
				GCC_WARN_UNUSED_FUNCTION = YES;
				GCC_WARN_UNUSED_VARIABLE = YES;
				IPHONEOS_DEPLOYMENT_TARGET = 15.0;
				MTL_ENABLE_DEBUG_INFO = NO;
				MTL_FAST_MATH = YES;
				SDKROOT = iphoneos;
				SWIFT_COMPILATION_MODE = wholemodule;
				SWIFT_OPTIMIZATION_LEVEL = "-O";
				VALIDATE_PRODUCT = YES;
			};
			name = Release;
		};
		D39BC4F22931257E0052A62E /* Debug */ = {
			isa = XCBuildConfiguration;
			buildSettings = {
				ASSETCATALOG_COMPILER_APPICON_NAME = AppIcon;
				ASSETCATALOG_COMPILER_GLOBAL_ACCENT_COLOR_NAME = AccentColor;
				CODE_SIGN_STYLE = Automatic;
				CURRENT_PROJECT_VERSION = 1;
				DEVELOPMENT_ASSET_PATHS = "\"7mo intento de hacer el examen/Preview Content\"";
				ENABLE_PREVIEWS = YES;
				GENERATE_INFOPLIST_FILE = YES;
				INFOPLIST_KEY_UIApplicationSceneManifest_Generation = YES;
				INFOPLIST_KEY_UIApplicationSupportsIndirectInputEvents = YES;
				INFOPLIST_KEY_UILaunchScreen_Generation = YES;
				INFOPLIST_KEY_UISupportedInterfaceOrientations_iPad = "UIInterfaceOrientationPortrait UIInterfaceOrientationPortraitUpsideDown UIInterfaceOrientationLandscapeLeft UIInterfaceOrientationLandscapeRight";
				INFOPLIST_KEY_UISupportedInterfaceOrientations_iPhone = "UIInterfaceOrientationPortrait UIInterfaceOrientationLandscapeLeft UIInterfaceOrientationLandscapeRight";
				LD_RUNPATH_SEARCH_PATHS = (
					"$(inherited)",
					"@executable_path/Frameworks",
				);
				MARKETING_VERSION = 1.0;
				PRODUCT_BUNDLE_IDENTIFIER = "itculiacan.ingweb.-mo-intento-de-hacer-el-examen";
				PRODUCT_NAME = "$(TARGET_NAME)";
				SWIFT_EMIT_LOC_STRINGS = YES;
				SWIFT_VERSION = 5.0;
				TARGETED_DEVICE_FAMILY = "1,2";
			};
			name = Debug;
		};
		D39BC4F32931257E0052A62E /* Release */ = {
			isa = XCBuildConfiguration;
			buildSettings = {
				ASSETCATALOG_COMPILER_APPICON_NAME = AppIcon;
				ASSETCATALOG_COMPILER_GLOBAL_ACCENT_COLOR_NAME = AccentColor;
				CODE_SIGN_STYLE = Automatic;
				CURRENT_PROJECT_VERSION = 1;
				DEVELOPMENT_ASSET_PATHS = "\"7mo intento de hacer el examen/Preview Content\"";
				ENABLE_PREVIEWS = YES;
				GENERATE_INFOPLIST_FILE = YES;
				INFOPLIST_KEY_UIApplicationSceneManifest_Generation = YES;
				INFOPLIST_KEY_UIApplicationSupportsIndirectInputEvents = YES;
				INFOPLIST_KEY_UILaunchScreen_Generation = YES;
				INFOPLIST_KEY_UISupportedInterfaceOrientations_iPad = "UIInterfaceOrientationPortrait UIInterfaceOrientationPortraitUpsideDown UIInterfaceOrientationLandscapeLeft UIInterfaceOrientationLandscapeRight";
				INFOPLIST_KEY_UISupportedInterfaceOrientations_iPhone = "UIInterfaceOrientationPortrait UIInterfaceOrientationLandscapeLeft UIInterfaceOrientationLandscapeRight";
				LD_RUNPATH_SEARCH_PATHS = (
					"$(inherited)",
					"@executable_path/Frameworks",
				);
				MARKETING_VERSION = 1.0;
				PRODUCT_BUNDLE_IDENTIFIER = "itculiacan.ingweb.-mo-intento-de-hacer-el-examen";
				PRODUCT_NAME = "$(TARGET_NAME)";
				SWIFT_EMIT_LOC_STRINGS = YES;
				SWIFT_VERSION = 5.0;
				TARGETED_DEVICE_FAMILY = "1,2";
			};
			name = Release;
		};
/* End XCBuildConfiguration section */

/* Begin XCConfigurationList section */
		D39BC4DE2931257D0052A62E /* Build configuration list for PBXProject "7mo intento de hacer el examen" */ = {
			isa = XCConfigurationList;
			buildConfigurations = (
				D39BC4EF2931257E0052A62E /* Debug */,
				D39BC4F02931257E0052A62E /* Release */,
			);
			defaultConfigurationIsVisible = 0;
			defaultConfigurationName = Release;
		};
		D39BC4F12931257E0052A62E /* Build configuration list for PBXNativeTarget "7mo intento de hacer el examen" */ = {
			isa = XCConfigurationList;
			buildConfigurations = (
				D39BC4F22931257E0052A62E /* Debug */,
				D39BC4F32931257E0052A62E /* Release */,
			);
			defaultConfigurationIsVisible = 0;
			defaultConfigurationName = Release;
		};
/* End XCConfigurationList section */

/* Begin XCVersionGroup section */
		D39BC4F62931274B0052A62E /* Persistence.xcdatamodeld */ = {
			isa = XCVersionGroup;
			children = (
				D39BC4F72931274B0052A62E /* Persistence.xcdatamodel */,
			);
			currentVersion = D39BC4F72931274B0052A62E /* Persistence.xcdatamodel */;
			path = Persistence.xcdatamodeld;
			sourceTree = "<group>";
			versionGroupType = wrapper.xcdatamodel;
		};
/* End XCVersionGroup section */
	};
	rootObject = D39BC4DB2931257D0052A62E /* Project object */;
}
